
Microsoft Visual Studio Solution File, Format Version 12.00
# Visual Studio 15
VisualStudioVersion = 15.0.28010.2046
MinimumVisualStudioVersion = 10.0.40219.1
Project("{FAE04EC0-301F-11D3-BF4B-00C04F79EFBC}") = "9944848-consoleRegistrationForm", "9944848-consoleRegistrationForm\9944848-consoleRegistrationForm.csproj", "{236513F9-6D48-4799-B492-9A58F7E3A485}"
EndProject
Global
	GlobalSection(SolutionConfigurationPlatforms) = preSolution
		Debug|Any CPU = Debug|Any CPU
		Release|Any CPU = Release|Any CPU
	EndGlobalSection
	GlobalSection(ProjectConfigurationPlatforms) = postSolution
		{236513F9-6D48-4799-B492-9A58F7E3A485}.Debug|Any CPU.ActiveCfg = Debug|Any CPU
		{236513F9-6D48-4799-B492-9A58F7E3A485}.Debug|Any CPU.Build.0 = Debug|Any CPU
		{236513F9-6D48-4799-B492-9A58F7E3A485}.Release|Any CPU.ActiveCfg = Release|Any CPU
		{236513F9-6D48-4799-B492-9A58F7E3A485}.Release|Any CPU.Build.0 = Release|Any CPU
	EndGlobalSection
	GlobalSection(SolutionProperties) = preSolution
		HideSolutionNode = FALSE
	EndGlobalSection
	GlobalSection(ExtensibilityGlobals) = postSolution
		SolutionGuid = {257492F8-107D-469E-91DF-BD3FFA185172}
	EndGlobalSection
EndGlobal
